
Microsoft Visual Studio Solution File, Format Version 12.00
# Visual Studio 15
VisualStudioVersion = 15.0.28307.705
MinimumVisualStudioVersion = 10.0.40219.1
Project("{9A19103F-16F7-4668-BE54-9A1E7A4F7556}") = "MemeTV", "src\MemeTV\MemeTV.csproj", "{7C591E41-EB88-4E30-88A8-A1E26B8F8A70}"
EndProject
Project("{FAE04EC0-301F-11D3-BF4B-00C04F79EFBC}") = "MemeTV.BusinessLogic", "src\MemeTV.BusinessLogic\MemeTV.BusinessLogic.csproj", "{3E5509DC-4903-4DF3-936D-E3DDCABB186F}"
EndProject
Project("{FAE04EC0-301F-11D3-BF4B-00C04F79EFBC}") = "MemeTV.Models", "src\MemeTV.Models\MemeTV.Models.csproj", "{2C64C293-4042-46CF-AC1E-62EAEDB20836}"
EndProject
Global
	GlobalSection(SolutionConfigurationPlatforms) = preSolution
		Debug|Any CPU = Debug|Any CPU
		Release|Any CPU = Release|Any CPU
	EndGlobalSection
	GlobalSection(ProjectConfigurationPlatforms) = postSolution
		{7C591E41-EB88-4E30-88A8-A1E26B8F8A70}.Debug|Any CPU.ActiveCfg = Debug|Any CPU
		{7C591E41-EB88-4E30-88A8-A1E26B8F8A70}.Debug|Any CPU.Build.0 = Debug|Any CPU
		{7C591E41-EB88-4E30-88A8-A1E26B8F8A70}.Release|Any CPU.ActiveCfg = Release|Any CPU
		{7C591E41-EB88-4E30-88A8-A1E26B8F8A70}.Release|Any CPU.Build.0 = Release|Any CPU
		{3E5509DC-4903-4DF3-936D-E3DDCABB186F}.Debug|Any CPU.ActiveCfg = Debug|Any CPU
		{3E5509DC-4903-4DF3-936D-E3DDCABB186F}.Debug|Any CPU.Build.0 = Debug|Any CPU
		{3E5509DC-4903-4DF3-936D-E3DDCABB186F}.Release|Any CPU.ActiveCfg = Release|Any CPU
		{3E5509DC-4903-4DF3-936D-E3DDCABB186F}.Release|Any CPU.Build.0 = Release|Any CPU
		{2C64C293-4042-46CF-AC1E-62EAEDB20836}.Debug|Any CPU.ActiveCfg = Debug|Any CPU
		{2C64C293-4042-46CF-AC1E-62EAEDB20836}.Debug|Any CPU.Build.0 = Debug|Any CPU
		{2C64C293-4042-46CF-AC1E-62EAEDB20836}.Release|Any CPU.ActiveCfg = Release|Any CPU
		{2C64C293-4042-46CF-AC1E-62EAEDB20836}.Release|Any CPU.Build.0 = Release|Any CPU
	EndGlobalSection
	GlobalSection(SolutionProperties) = preSolution
		HideSolutionNode = FALSE
	EndGlobalSection
	GlobalSection(ExtensibilityGlobals) = postSolution
		SolutionGuid = {BE074E79-9C6C-49CE-9FF2-26F600AE4E2E}
	EndGlobalSection
EndGlobal
